// !$*UTF8*$!
{
	archiveVersion = 1;
	classes = {
	};
	objectVersion = 48;
	objects = {

/* Begin PBXBuildFile section */
		3945B0507CBB38D908A2F77A /* Pods_QNBasePublicClass.framework in Frameworks */ = {isa = PBXBuildFile; fileRef = D692CAC81B05B29193C1B268 /* Pods_QNBasePublicClass.framework */; };
		BA75497A207DB1BF00768460 /* Foundation.framework in Frameworks */ = {isa = PBXBuildFile; fileRef = BA754979207DB1BF00768460 /* Foundation.framework */; };
		BA75497C207DB1C600768460 /* UIKit.framework in Frameworks */ = {isa = PBXBuildFile; fileRef = BA75497B207DB1C600768460 /* UIKit.framework */; };
		BA75498A207DB7FF00768460 /* TableBaseVC.h in Headers */ = {isa = PBXBuildFile; fileRef = BA754988207DB7FF00768460 /* TableBaseVC.h */; };
		BA75498B207DB7FF00768460 /* TableBaseVC.m in Sources */ = {isa = PBXBuildFile; fileRef = BA754989207DB7FF00768460 /* TableBaseVC.m */; };
		BAD0F3D1207DB0F800C7EB48 /* QNBasePublicClass.framework in Frameworks */ = {isa = PBXBuildFile; fileRef = BAD0F3C7207DB0F800C7EB48 /* QNBasePublicClass.framework */; };
		BAD0F3D6207DB0F800C7EB48 /* QNBasePublicClassTests.m in Sources */ = {isa = PBXBuildFile; fileRef = BAD0F3D5207DB0F800C7EB48 /* QNBasePublicClassTests.m */; };
		BAD0F3D8207DB0F800C7EB48 /* QNBasePublicClass.h in Headers */ = {isa = PBXBuildFile; fileRef = BAD0F3CA207DB0F800C7EB48 /* QNBasePublicClass.h */; settings = {ATTRIBUTES = (Public, ); }; };
		F4F4F4F5215C053C0070F256 /* AssistiveTouch.h in Headers */ = {isa = PBXBuildFile; fileRef = F4F4F4CA215C053B0070F256 /* AssistiveTouch.h */; };
		F4F4F4F6215C053C0070F256 /* UpdateUrlTableViewController.m in Sources */ = {isa = PBXBuildFile; fileRef = F4F4F4CB215C053B0070F256 /* UpdateUrlTableViewController.m */; };
		F4F4F4F7215C053C0070F256 /* AssistiveTouch.m in Sources */ = {isa = PBXBuildFile; fileRef = F4F4F4CC215C053B0070F256 /* AssistiveTouch.m */; };
		F4F4F4F8215C053C0070F256 /* UpdateUrlTableViewController.h in Headers */ = {isa = PBXBuildFile; fileRef = F4F4F4CD215C053B0070F256 /* UpdateUrlTableViewController.h */; };
		F4F4F4F9215C053C0070F256 /* Base_URLClass.m in Sources */ = {isa = PBXBuildFile; fileRef = F4F4F4CF215C053B0070F256 /* Base_URLClass.m */; };
		F4F4F4FA215C053C0070F256 /* Base_URLClass.h in Headers */ = {isa = PBXBuildFile; fileRef = F4F4F4D0215C053B0070F256 /* Base_URLClass.h */; };
		F4F4F4FB215C053C0070F256 /* MacroDefinitionHeader.h in Headers */ = {isa = PBXBuildFile; fileRef = F4F4F4D1215C053B0070F256 /* MacroDefinitionHeader.h */; };
		F4F4F4FC215C053C0070F256 /* BaseTabbarViewController.m in Sources */ = {isa = PBXBuildFile; fileRef = F4F4F4D4215C053C0070F256 /* BaseTabbarViewController.m */; };
		F4F4F4FD215C053C0070F256 /* BaseViewController.m in Sources */ = {isa = PBXBuildFile; fileRef = F4F4F4D5215C053C0070F256 /* BaseViewController.m */; };
		F4F4F4FE215C053C0070F256 /* BaseNavigationBar.m in Sources */ = {isa = PBXBuildFile; fileRef = F4F4F4D7215C053C0070F256 /* BaseNavigationBar.m */; };
		F4F4F4FF215C053C0070F256 /* BaseNavigationBar.h in Headers */ = {isa = PBXBuildFile; fileRef = F4F4F4D8215C053C0070F256 /* BaseNavigationBar.h */; };
		F4F4F500215C053C0070F256 /* MenuViewController.h in Headers */ = {isa = PBXBuildFile; fileRef = F4F4F4D9215C053C0070F256 /* MenuViewController.h */; };
		F4F4F501215C053C0070F256 /* BaseNavigationViewController.h in Headers */ = {isa = PBXBuildFile; fileRef = F4F4F4DA215C053C0070F256 /* BaseNavigationViewController.h */; };
		F4F4F502215C053C0070F256 /* BaseTabbarViewController.h in Headers */ = {isa = PBXBuildFile; fileRef = F4F4F4DB215C053C0070F256 /* BaseTabbarViewController.h */; };
		F4F4F503215C053C0070F256 /* BaseNavigationViewController.m in Sources */ = {isa = PBXBuildFile; fileRef = F4F4F4DC215C053C0070F256 /* BaseNavigationViewController.m */; };
		F4F4F504215C053C0070F256 /* MenuViewController.m in Sources */ = {isa = PBXBuildFile; fileRef = F4F4F4DD215C053C0070F256 /* MenuViewController.m */; };
		F4F4F505215C053C0070F256 /* BaseViewController.h in Headers */ = {isa = PBXBuildFile; fileRef = F4F4F4DE215C053C0070F256 /* BaseViewController.h */; };
		F4F4F506215C053C0070F256 /* TableBaseVC.m in Sources */ = {isa = PBXBuildFile; fileRef = F4F4F4E0215C053C0070F256 /* TableBaseVC.m */; };
		F4F4F507215C053C0070F256 /* TableBaseVC.h in Headers */ = {isa = PBXBuildFile; fileRef = F4F4F4E1215C053C0070F256 /* TableBaseVC.h */; };
		F4F4F508215C053C0070F256 /* VersionBaseClass.h in Headers */ = {isa = PBXBuildFile; fileRef = F4F4F4E3215C053C0070F256 /* VersionBaseClass.h */; };
		F4F4F509215C053C0070F256 /* VersionClass.m in Sources */ = {isa = PBXBuildFile; fileRef = F4F4F4E4215C053C0070F256 /* VersionClass.m */; };
		F4F4F50A215C053C0070F256 /* CalculateSize.m in Sources */ = {isa = PBXBuildFile; fileRef = F4F4F4E7215C053C0070F256 /* CalculateSize.m */; };
		F4F4F50B215C053C0070F256 /* CalculateSize.h in Headers */ = {isa = PBXBuildFile; fileRef = F4F4F4E8215C053C0070F256 /* CalculateSize.h */; };
		F4F4F50C215C053C0070F256 /* VersionBaseClass.m in Sources */ = {isa = PBXBuildFile; fileRef = F4F4F4E9215C053C0070F256 /* VersionBaseClass.m */; };
		F4F4F50D215C053C0070F256 /* VersionClass.h in Headers */ = {isa = PBXBuildFile; fileRef = F4F4F4EA215C053C0070F256 /* VersionClass.h */; };
		F4F4F50E215C053C0070F256 /* CoreDataPublicManager.h in Headers */ = {isa = PBXBuildFile; fileRef = F4F4F4EC215C053C0070F256 /* CoreDataPublicManager.h */; };
		F4F4F50F215C053C0070F256 /* CoreDataPublicManager.m in Sources */ = {isa = PBXBuildFile; fileRef = F4F4F4ED215C053C0070F256 /* CoreDataPublicManager.m */; };
		F4F4F511215C053C0070F256 /* FEBaseTools.m in Sources */ = {isa = PBXBuildFile; fileRef = F4F4F4F0215C053C0070F256 /* FEBaseTools.m */; };
		F4F4F512215C053C0070F256 /* QFBaseGroup.m in Sources */ = {isa = PBXBuildFile; fileRef = F4F4F4F1215C053C0070F256 /* QFBaseGroup.m */; };
		F4F4F513215C053C0070F256 /* FEBaseTools.h in Headers */ = {isa = PBXBuildFile; fileRef = F4F4F4F2215C053C0070F256 /* FEBaseTools.h */; };
		F4F4F514215C053C0070F256 /* QFBaseGroup.h in Headers */ = {isa = PBXBuildFile; fileRef = F4F4F4F3215C053C0070F256 /* QFBaseGroup.h */; };
/* End PBXBuildFile section */

/* Begin PBXContainerItemProxy section */
		BAD0F3D2207DB0F800C7EB48 /* PBXContainerItemProxy */ = {
			isa = PBXContainerItemProxy;
			containerPortal = BAD0F3BE207DB0F800C7EB48 /* Project object */;
			proxyType = 1;
			remoteGlobalIDString = BAD0F3C6207DB0F800C7EB48;
			remoteInfo = QNBasePublicClass;
		};
/* End PBXContainerItemProxy section */

/* Begin PBXFileReference section */
		56169A05E2391D04873F2687 /* Pods-QNBasePublicClass.release.xcconfig */ = {isa = PBXFileReference; includeInIndex = 1; lastKnownFileType = text.xcconfig; name = "Pods-QNBasePublicClass.release.xcconfig"; path = "../Pods/Target Support Files/Pods-QNBasePublicClass/Pods-QNBasePublicClass.release.xcconfig"; sourceTree = "<group>"; };
		BA754977207DB19C00768460 /* QNBasePublicHeader.h */ = {isa = PBXFileReference; lastKnownFileType = sourcecode.c.h; path = QNBasePublicHeader.h; sourceTree = "<group>"; };
		BA754979207DB1BF00768460 /* Foundation.framework */ = {isa = PBXFileReference; lastKnownFileType = wrapper.framework; name = Foundation.framework; path = System/Library/Frameworks/Foundation.framework; sourceTree = SDKROOT; };
		BA75497B207DB1C600768460 /* UIKit.framework */ = {isa = PBXFileReference; lastKnownFileType = wrapper.framework; name = UIKit.framework; path = System/Library/Frameworks/UIKit.framework; sourceTree = SDKROOT; };
		BA754988207DB7FF00768460 /* TableBaseVC.h */ = {isa = PBXFileReference; lastKnownFileType = sourcecode.c.h; path = TableBaseVC.h; sourceTree = "<group>"; };
		BA754989207DB7FF00768460 /* TableBaseVC.m */ = {isa = PBXFileReference; lastKnownFileType = sourcecode.c.objc; path = TableBaseVC.m; sourceTree = "<group>"; };
		BAD0F3C7207DB0F800C7EB48 /* QNBasePublicClass.framework */ = {isa = PBXFileReference; explicitFileType = wrapper.framework; includeInIndex = 0; path = QNBasePublicClass.framework; sourceTree = BUILT_PRODUCTS_DIR; };
		BAD0F3CA207DB0F800C7EB48 /* QNBasePublicClass.h */ = {isa = PBXFileReference; lastKnownFileType = sourcecode.c.h; path = QNBasePublicClass.h; sourceTree = "<group>"; };
		BAD0F3CB207DB0F800C7EB48 /* Info.plist */ = {isa = PBXFileReference; lastKnownFileType = text.plist.xml; path = Info.plist; sourceTree = "<group>"; };
		BAD0F3D0207DB0F800C7EB48 /* QNBasePublicClassTests.xctest */ = {isa = PBXFileReference; explicitFileType = wrapper.cfbundle; includeInIndex = 0; path = QNBasePublicClassTests.xctest; sourceTree = BUILT_PRODUCTS_DIR; };
		BAD0F3D5207DB0F800C7EB48 /* QNBasePublicClassTests.m */ = {isa = PBXFileReference; lastKnownFileType = sourcecode.c.objc; path = QNBasePublicClassTests.m; sourceTree = "<group>"; };
		BAD0F3D7207DB0F800C7EB48 /* Info.plist */ = {isa = PBXFileReference; lastKnownFileType = text.plist.xml; path = Info.plist; sourceTree = "<group>"; };
		D692CAC81B05B29193C1B268 /* Pods_QNBasePublicClass.framework */ = {isa = PBXFileReference; explicitFileType = wrapper.framework; includeInIndex = 0; path = Pods_QNBasePublicClass.framework; sourceTree = BUILT_PRODUCTS_DIR; };
		F4F4F4CA215C053B0070F256 /* AssistiveTouch.h */ = {isa = PBXFileReference; fileEncoding = 4; lastKnownFileType = sourcecode.c.h; path = AssistiveTouch.h; sourceTree = "<group>"; };
		F4F4F4CB215C053B0070F256 /* UpdateUrlTableViewController.m */ = {isa = PBXFileReference; fileEncoding = 4; lastKnownFileType = sourcecode.c.objc; path = UpdateUrlTableViewController.m; sourceTree = "<group>"; };
		F4F4F4CC215C053B0070F256 /* AssistiveTouch.m */ = {isa = PBXFileReference; fileEncoding = 4; lastKnownFileType = sourcecode.c.objc; path = AssistiveTouch.m; sourceTree = "<group>"; };
		F4F4F4CD215C053B0070F256 /* UpdateUrlTableViewController.h */ = {isa = PBXFileReference; fileEncoding = 4; lastKnownFileType = sourcecode.c.h; path = UpdateUrlTableViewController.h; sourceTree = "<group>"; };
		F4F4F4CF215C053B0070F256 /* Base_URLClass.m */ = {isa = PBXFileReference; fileEncoding = 4; lastKnownFileType = sourcecode.c.objc; path = Base_URLClass.m; sourceTree = "<group>"; };
		F4F4F4D0215C053B0070F256 /* Base_URLClass.h */ = {isa = PBXFileReference; fileEncoding = 4; lastKnownFileType = sourcecode.c.h; path = Base_URLClass.h; sourceTree = "<group>"; };
		F4F4F4D1215C053B0070F256 /* MacroDefinitionHeader.h */ = {isa = PBXFileReference; fileEncoding = 4; lastKnownFileType = sourcecode.c.h; path = MacroDefinitionHeader.h; sourceTree = "<group>"; };
		F4F4F4D4215C053C0070F256 /* BaseTabbarViewController.m */ = {isa = PBXFileReference; fileEncoding = 4; lastKnownFileType = sourcecode.c.objc; path = BaseTabbarViewController.m; sourceTree = "<group>"; };
		F4F4F4D5215C053C0070F256 /* BaseViewController.m */ = {isa = PBXFileReference; fileEncoding = 4; lastKnownFileType = sourcecode.c.objc; path = BaseViewController.m; sourceTree = "<group>"; };
		F4F4F4D7215C053C0070F256 /* BaseNavigationBar.m */ = {isa = PBXFileReference; fileEncoding = 4; lastKnownFileType = sourcecode.c.objc; path = BaseNavigationBar.m; sourceTree = "<group>"; };
		F4F4F4D8215C053C0070F256 /* BaseNavigationBar.h */ = {isa = PBXFileReference; fileEncoding = 4; lastKnownFileType = sourcecode.c.h; path = BaseNavigationBar.h; sourceTree = "<group>"; };
		F4F4F4D9215C053C0070F256 /* MenuViewController.h */ = {isa = PBXFileReference; fileEncoding = 4; lastKnownFileType = sourcecode.c.h; path = MenuViewController.h; sourceTree = "<group>"; };
		F4F4F4DA215C053C0070F256 /* BaseNavigationViewController.h */ = {isa = PBXFileReference; fileEncoding = 4; lastKnownFileType = sourcecode.c.h; path = BaseNavigationViewController.h; sourceTree = "<group>"; };
		F4F4F4DB215C053C0070F256 /* BaseTabbarViewController.h */ = {isa = PBXFileReference; fileEncoding = 4; lastKnownFileType = sourcecode.c.h; path = BaseTabbarViewController.h; sourceTree = "<group>"; };
		F4F4F4DC215C053C0070F256 /* BaseNavigationViewController.m */ = {isa = PBXFileReference; fileEncoding = 4; lastKnownFileType = sourcecode.c.objc; path = BaseNavigationViewController.m; sourceTree = "<group>"; };
		F4F4F4DD215C053C0070F256 /* MenuViewController.m */ = {isa = PBXFileReference; fileEncoding = 4; lastKnownFileType = sourcecode.c.objc; path = MenuViewController.m; sourceTree = "<group>"; };
		F4F4F4DE215C053C0070F256 /* BaseViewController.h */ = {isa = PBXFileReference; fileEncoding = 4; lastKnownFileType = sourcecode.c.h; path = BaseViewController.h; sourceTree = "<group>"; };
		F4F4F4E0215C053C0070F256 /* TableBaseVC.m */ = {isa = PBXFileReference; fileEncoding = 4; lastKnownFileType = sourcecode.c.objc; path = TableBaseVC.m; sourceTree = "<group>"; };
		F4F4F4E1215C053C0070F256 /* TableBaseVC.h */ = {isa = PBXFileReference; fileEncoding = 4; lastKnownFileType = sourcecode.c.h; path = TableBaseVC.h; sourceTree = "<group>"; };
		F4F4F4E3215C053C0070F256 /* VersionBaseClass.h */ = {isa = PBXFileReference; fileEncoding = 4; lastKnownFileType = sourcecode.c.h; path = VersionBaseClass.h; sourceTree = "<group>"; };
		F4F4F4E4215C053C0070F256 /* VersionClass.m */ = {isa = PBXFileReference; fileEncoding = 4; lastKnownFileType = sourcecode.c.objc; path = VersionClass.m; sourceTree = "<group>"; };
		F4F4F4E7215C053C0070F256 /* CalculateSize.m */ = {isa = PBXFileReference; fileEncoding = 4; lastKnownFileType = sourcecode.c.objc; path = CalculateSize.m; sourceTree = "<group>"; };
		F4F4F4E8215C053C0070F256 /* CalculateSize.h */ = {isa = PBXFileReference; fileEncoding = 4; lastKnownFileType = sourcecode.c.h; path = CalculateSize.h; sourceTree = "<group>"; };
		F4F4F4E9215C053C0070F256 /* VersionBaseClass.m */ = {isa = PBXFileReference; fileEncoding = 4; lastKnownFileType = sourcecode.c.objc; path = VersionBaseClass.m; sourceTree = "<group>"; };
		F4F4F4EA215C053C0070F256 /* VersionClass.h */ = {isa = PBXFileReference; fileEncoding = 4; lastKnownFileType = sourcecode.c.h; path = VersionClass.h; sourceTree = "<group>"; };
		F4F4F4EC215C053C0070F256 /* CoreDataPublicManager.h */ = {isa = PBXFileReference; fileEncoding = 4; lastKnownFileType = sourcecode.c.h; path = CoreDataPublicManager.h; sourceTree = "<group>"; };
		F4F4F4ED215C053C0070F256 /* CoreDataPublicManager.m */ = {isa = PBXFileReference; fileEncoding = 4; lastKnownFileType = sourcecode.c.objc; path = CoreDataPublicManager.m; sourceTree = "<group>"; };
		F4F4F4F0215C053C0070F256 /* FEBaseTools.m */ = {isa = PBXFileReference; fileEncoding = 4; lastKnownFileType = sourcecode.c.objc; path = FEBaseTools.m; sourceTree = "<group>"; };
		F4F4F4F1215C053C0070F256 /* QFBaseGroup.m */ = {isa = PBXFileReference; fileEncoding = 4; lastKnownFileType = sourcecode.c.objc; path = QFBaseGroup.m; sourceTree = "<group>"; };
		F4F4F4F2215C053C0070F256 /* FEBaseTools.h */ = {isa = PBXFileReference; fileEncoding = 4; lastKnownFileType = sourcecode.c.h; path = FEBaseTools.h; sourceTree = "<group>"; };
		F4F4F4F3215C053C0070F256 /* QFBaseGroup.h */ = {isa = PBXFileReference; fileEncoding = 4; lastKnownFileType = sourcecode.c.h; path = QFBaseGroup.h; sourceTree = "<group>"; };
		F67DF5B76FFE26A567B4E532 /* Pods-QNBasePublicClass.debug.xcconfig */ = {isa = PBXFileReference; includeInIndex = 1; lastKnownFileType = text.xcconfig; name = "Pods-QNBasePublicClass.debug.xcconfig"; path = "../Pods/Target Support Files/Pods-QNBasePublicClass/Pods-QNBasePublicClass.debug.xcconfig"; sourceTree = "<group>"; };
/* End PBXFileReference section */

/* Begin PBXFrameworksBuildPhase section */
		BAD0F3C3207DB0F800C7EB48 /* Frameworks */ = {
			isa = PBXFrameworksBuildPhase;
			buildActionMask = 2147483647;
			files = (
				BA75497C207DB1C600768460 /* UIKit.framework in Frameworks */,
				BA75497A207DB1BF00768460 /* Foundation.framework in Frameworks */,
				3945B0507CBB38D908A2F77A /* Pods_QNBasePublicClass.framework in Frameworks */,
			);
			runOnlyForDeploymentPostprocessing = 0;
		};
		BAD0F3CD207DB0F800C7EB48 /* Frameworks */ = {
			isa = PBXFrameworksBuildPhase;
			buildActionMask = 2147483647;
			files = (
				BAD0F3D1207DB0F800C7EB48 /* QNBasePublicClass.framework in Frameworks */,
			);
			runOnlyForDeploymentPostprocessing = 0;
		};
/* End PBXFrameworksBuildPhase section */

/* Begin PBXGroup section */
		282F77C57629B3C7BE40319F /* Pods */ = {
			isa = PBXGroup;
			children = (
				F67DF5B76FFE26A567B4E532 /* Pods-QNBasePublicClass.debug.xcconfig */,
				56169A05E2391D04873F2687 /* Pods-QNBasePublicClass.release.xcconfig */,
			);
			name = Pods;
			sourceTree = "<group>";
		};
		BA754978207DB1BF00768460 /* Frameworks */ = {
			isa = PBXGroup;
			children = (
				BA75497B207DB1C600768460 /* UIKit.framework */,
				BA754979207DB1BF00768460 /* Foundation.framework */,
				D692CAC81B05B29193C1B268 /* Pods_QNBasePublicClass.framework */,
			);
			name = Frameworks;
			sourceTree = "<group>";
		};
		BA754987207DB78900768460 /* ViewController */ = {
			isa = PBXGroup;
			children = (
				BA754988207DB7FF00768460 /* TableBaseVC.h */,
				BA754989207DB7FF00768460 /* TableBaseVC.m */,
			);
			path = ViewController;
			sourceTree = "<group>";
		};
		BAD0F3BD207DB0F800C7EB48 = {
			isa = PBXGroup;
			children = (
				BAD0F3C9207DB0F800C7EB48 /* QNBasePublicClass */,
				BAD0F3D4207DB0F800C7EB48 /* QNBasePublicClassTests */,
				BAD0F3C8207DB0F800C7EB48 /* Products */,
				BA754978207DB1BF00768460 /* Frameworks */,
				282F77C57629B3C7BE40319F /* Pods */,
			);
			sourceTree = "<group>";
		};
		BAD0F3C8207DB0F800C7EB48 /* Products */ = {
			isa = PBXGroup;
			children = (
				BAD0F3C7207DB0F800C7EB48 /* QNBasePublicClass.framework */,
				BAD0F3D0207DB0F800C7EB48 /* QNBasePublicClassTests.xctest */,
			);
			name = Products;
			sourceTree = "<group>";
		};
		BAD0F3C9207DB0F800C7EB48 /* QNBasePublicClass */ = {
			isa = PBXGroup;
			children = (
				BA754987207DB78900768460 /* ViewController */,
				F4F4F4E2215C053C0070F256 /* BasePublicClass */,
				F4F4F4D3215C053C0070F256 /* BaseViewController */,
				F4F4F4D2215C053B0070F256 /* CategoryClass */,
				F4F4F4EB215C053C0070F256 /* CoreDataClass */,
				F4F4F4EF215C053C0070F256 /* ExtensionClass */,
				F4F4F4C7215C053B0070F256 /* NetworkingClass */,
				F4F4F4C6215C053B0070F256 /* ProtocolClass */,
				F4F4F4DF215C053C0070F256 /* ViewController */,
				F4F4F4D1215C053B0070F256 /* MacroDefinitionHeader.h */,
				BAD0F3CA207DB0F800C7EB48 /* QNBasePublicClass.h */,
				BA754977207DB19C00768460 /* QNBasePublicHeader.h */,
				BAD0F3CB207DB0F800C7EB48 /* Info.plist */,
			);
			path = QNBasePublicClass;
			sourceTree = "<group>";
		};
		BAD0F3D4207DB0F800C7EB48 /* QNBasePublicClassTests */ = {
			isa = PBXGroup;
			children = (
				BAD0F3D5207DB0F800C7EB48 /* QNBasePublicClassTests.m */,
				BAD0F3D7207DB0F800C7EB48 /* Info.plist */,
			);
			path = QNBasePublicClassTests;
			sourceTree = "<group>";
		};
		F4F4F4C6215C053B0070F256 /* ProtocolClass */ = {
			isa = PBXGroup;
			children = (
			);
			path = ProtocolClass;
			sourceTree = "<group>";
		};
		F4F4F4C7215C053B0070F256 /* NetworkingClass */ = {
			isa = PBXGroup;
			children = (
				F4F4F4C8215C053B0070F256 /* AssistiveTouch */,
			);
			path = NetworkingClass;
			sourceTree = "<group>";
		};
		F4F4F4C8215C053B0070F256 /* AssistiveTouch */ = {
			isa = PBXGroup;
			children = (
				F4F4F4C9215C053B0070F256 /* ViewModel */,
				F4F4F4CE215C053B0070F256 /* ModelOrClass */,
			);
			path = AssistiveTouch;
			sourceTree = "<group>";
		};
		F4F4F4C9215C053B0070F256 /* ViewModel */ = {
			isa = PBXGroup;
			children = (
				F4F4F4CA215C053B0070F256 /* AssistiveTouch.h */,
				F4F4F4CC215C053B0070F256 /* AssistiveTouch.m */,
				F4F4F4CD215C053B0070F256 /* UpdateUrlTableViewController.h */,
				F4F4F4CB215C053B0070F256 /* UpdateUrlTableViewController.m */,
			);
			path = ViewModel;
			sourceTree = "<group>";
		};
		F4F4F4CE215C053B0070F256 /* ModelOrClass */ = {
			isa = PBXGroup;
			children = (
				F4F4F4CF215C053B0070F256 /* Base_URLClass.m */,
				F4F4F4D0215C053B0070F256 /* Base_URLClass.h */,
			);
			path = ModelOrClass;
			sourceTree = "<group>";
		};
		F4F4F4D2215C053B0070F256 /* CategoryClass */ = {
			isa = PBXGroup;
			children = (
			);
			path = CategoryClass;
			sourceTree = "<group>";
		};
		F4F4F4D3215C053C0070F256 /* BaseViewController */ = {
			isa = PBXGroup;
			children = (
				F4F4F4D6215C053C0070F256 /* BaseView */,
				F4F4F4DE215C053C0070F256 /* BaseViewController.h */,
				F4F4F4D5215C053C0070F256 /* BaseViewController.m */,
				F4F4F4D9215C053C0070F256 /* MenuViewController.h */,
				F4F4F4DD215C053C0070F256 /* MenuViewController.m */,
				F4F4F4DB215C053C0070F256 /* BaseTabbarViewController.h */,
				F4F4F4D4215C053C0070F256 /* BaseTabbarViewController.m */,
				F4F4F4DA215C053C0070F256 /* BaseNavigationViewController.h */,
				F4F4F4DC215C053C0070F256 /* BaseNavigationViewController.m */,
			);
			path = BaseViewController;
			sourceTree = "<group>";
		};
		F4F4F4D6215C053C0070F256 /* BaseView */ = {
			isa = PBXGroup;
			children = (
				F4F4F4D7215C053C0070F256 /* BaseNavigationBar.m */,
				F4F4F4D8215C053C0070F256 /* BaseNavigationBar.h */,
			);
			path = BaseView;
			sourceTree = "<group>";
		};
		F4F4F4DF215C053C0070F256 /* ViewController */ = {
			isa = PBXGroup;
			children = (
				F4F4F4E1215C053C0070F256 /* TableBaseVC.h */,
				F4F4F4E0215C053C0070F256 /* TableBaseVC.m */,
			);
			path = ViewController;
			sourceTree = "<group>";
		};
		F4F4F4E2215C053C0070F256 /* BasePublicClass */ = {
			isa = PBXGroup;
			children = (
				F4F4F4E5215C053C0070F256 /* PublicMethod */,
				F4F4F4E3215C053C0070F256 /* VersionBaseClass.h */,
				F4F4F4E9215C053C0070F256 /* VersionBaseClass.m */,
				F4F4F4EA215C053C0070F256 /* VersionClass.h */,
				F4F4F4E4215C053C0070F256 /* VersionClass.m */,
			);
			path = BasePublicClass;
			sourceTree = "<group>";
		};
		F4F4F4E5215C053C0070F256 /* PublicMethod */ = {
			isa = PBXGroup;
			children = (
				F4F4F4E8215C053C0070F256 /* CalculateSize.h */,
				F4F4F4E7215C053C0070F256 /* CalculateSize.m */,
			);
			path = PublicMethod;
			sourceTree = "<group>";
		};
		F4F4F4EB215C053C0070F256 /* CoreDataClass */ = {
			isa = PBXGroup;
			children = (
				F4F4F4EC215C053C0070F256 /* CoreDataPublicManager.h */,
				F4F4F4ED215C053C0070F256 /* CoreDataPublicManager.m */,
			);
			path = CoreDataClass;
			sourceTree = "<group>";
		};
		F4F4F4EF215C053C0070F256 /* ExtensionClass */ = {
			isa = PBXGroup;
			children = (
				F4F4F4F2215C053C0070F256 /* FEBaseTools.h */,
				F4F4F4F0215C053C0070F256 /* FEBaseTools.m */,
				F4F4F4F3215C053C0070F256 /* QFBaseGroup.h */,
				F4F4F4F1215C053C0070F256 /* QFBaseGroup.m */,
			);
			path = ExtensionClass;
			sourceTree = "<group>";
		};
/* End PBXGroup section */

/* Begin PBXHeadersBuildPhase section */
		BAD0F3C4207DB0F800C7EB48 /* Headers */ = {
			isa = PBXHeadersBuildPhase;
			buildActionMask = 2147483647;
			files = (
				BAD0F3D8207DB0F800C7EB48 /* QNBasePublicClass.h in Headers */,
				F4F4F4F8215C053C0070F256 /* UpdateUrlTableViewController.h in Headers */,
				F4F4F513215C053C0070F256 /* FEBaseTools.h in Headers */,
				F4F4F50B215C053C0070F256 /* CalculateSize.h in Headers */,
				F4F4F502215C053C0070F256 /* BaseTabbarViewController.h in Headers */,
				F4F4F508215C053C0070F256 /* VersionBaseClass.h in Headers */,
				F4F4F505215C053C0070F256 /* BaseViewController.h in Headers */,
				F4F4F514215C053C0070F256 /* QFBaseGroup.h in Headers */,
				F4F4F4FA215C053C0070F256 /* Base_URLClass.h in Headers */,
				F4F4F4F5215C053C0070F256 /* AssistiveTouch.h in Headers */,
				F4F4F50D215C053C0070F256 /* VersionClass.h in Headers */,
				F4F4F4FF215C053C0070F256 /* BaseNavigationBar.h in Headers */,
				F4F4F50E215C053C0070F256 /* CoreDataPublicManager.h in Headers */,
				BA75498A207DB7FF00768460 /* TableBaseVC.h in Headers */,
				F4F4F501215C053C0070F256 /* BaseNavigationViewController.h in Headers */,
				F4F4F500215C053C0070F256 /* MenuViewController.h in Headers */,
				F4F4F4FB215C053C0070F256 /* MacroDefinitionHeader.h in Headers */,
				F4F4F507215C053C0070F256 /* TableBaseVC.h in Headers */,
			);
			runOnlyForDeploymentPostprocessing = 0;
		};
/* End PBXHeadersBuildPhase section */

/* Begin PBXNativeTarget section */
		BAD0F3C6207DB0F800C7EB48 /* QNBasePublicClass */ = {
			isa = PBXNativeTarget;
			buildConfigurationList = BAD0F3DB207DB0F800C7EB48 /* Build configuration list for PBXNativeTarget "QNBasePublicClass" */;
			buildPhases = (
				739F200FCDA9695F7DE6D819 /* [CP] Check Pods Manifest.lock */,
				BAD0F3C2207DB0F800C7EB48 /* Sources */,
				BAD0F3C3207DB0F800C7EB48 /* Frameworks */,
				BAD0F3C4207DB0F800C7EB48 /* Headers */,
				BAD0F3C5207DB0F800C7EB48 /* Resources */,
				A94BE81934EE268559F008D5 /* [CP] Copy Pods Resources */,
			);
			buildRules = (
			);
			dependencies = (
			);
			name = QNBasePublicClass;
			productName = QNBasePublicClass;
			productReference = BAD0F3C7207DB0F800C7EB48 /* QNBasePublicClass.framework */;
			productType = "com.apple.product-type.framework";
		};
		BAD0F3CF207DB0F800C7EB48 /* QNBasePublicClassTests */ = {
			isa = PBXNativeTarget;
			buildConfigurationList = BAD0F3DE207DB0F800C7EB48 /* Build configuration list for PBXNativeTarget "QNBasePublicClassTests" */;
			buildPhases = (
				BAD0F3CC207DB0F800C7EB48 /* Sources */,
				BAD0F3CD207DB0F800C7EB48 /* Frameworks */,
				BAD0F3CE207DB0F800C7EB48 /* Resources */,
			);
			buildRules = (
			);
			dependencies = (
				BAD0F3D3207DB0F800C7EB48 /* PBXTargetDependency */,
			);
			name = QNBasePublicClassTests;
			productName = QNBasePublicClassTests;
			productReference = BAD0F3D0207DB0F800C7EB48 /* QNBasePublicClassTests.xctest */;
			productType = "com.apple.product-type.bundle.unit-test";
		};
/* End PBXNativeTarget section */

/* Begin PBXProject section */
		BAD0F3BE207DB0F800C7EB48 /* Project object */ = {
			isa = PBXProject;
			attributes = {
				LastUpgradeCheck = 1000;
				ORGANIZATIONNAME = Qo_Tn;
				TargetAttributes = {
					BAD0F3C6207DB0F800C7EB48 = {
						CreatedOnToolsVersion = 9.2;
						ProvisioningStyle = Automatic;
					};
					BAD0F3CF207DB0F800C7EB48 = {
						CreatedOnToolsVersion = 9.2;
						ProvisioningStyle = Automatic;
					};
				};
			};
			buildConfigurationList = BAD0F3C1207DB0F800C7EB48 /* Build configuration list for PBXProject "QNBasePublicClass" */;
			compatibilityVersion = "Xcode 8.0";
			developmentRegion = en;
			hasScannedForEncodings = 0;
			knownRegions = (
				en,
			);
			mainGroup = BAD0F3BD207DB0F800C7EB48;
			productRefGroup = BAD0F3C8207DB0F800C7EB48 /* Products */;
			projectDirPath = "";
			projectRoot = "";
			targets = (
				BAD0F3C6207DB0F800C7EB48 /* QNBasePublicClass */,
				BAD0F3CF207DB0F800C7EB48 /* QNBasePublicClassTests */,
			);
		};
/* End PBXProject section */

/* Begin PBXResourcesBuildPhase section */
		BAD0F3C5207DB0F800C7EB48 /* Resources */ = {
			isa = PBXResourcesBuildPhase;
			buildActionMask = 2147483647;
			files = (
			);
			runOnlyForDeploymentPostprocessing = 0;
		};
		BAD0F3CE207DB0F800C7EB48 /* Resources */ = {
			isa = PBXResourcesBuildPhase;
			buildActionMask = 2147483647;
			files = (
			);
			runOnlyForDeploymentPostprocessing = 0;
		};
/* End PBXResourcesBuildPhase section */

/* Begin PBXShellScriptBuildPhase section */
		739F200FCDA9695F7DE6D819 /* [CP] Check Pods Manifest.lock */ = {
			isa = PBXShellScriptBuildPhase;
			buildActionMask = 2147483647;
			files = (
			);
			inputPaths = (
				"${PODS_PODFILE_DIR_PATH}/Podfile.lock",
				"${PODS_ROOT}/Manifest.lock",
			);
			name = "[CP] Check Pods Manifest.lock";
			outputPaths = (
				"$(DERIVED_FILE_DIR)/Pods-QNBasePublicClass-checkManifestLockResult.txt",
			);
			runOnlyForDeploymentPostprocessing = 0;
			shellPath = /bin/sh;
			shellScript = "diff \"${PODS_PODFILE_DIR_PATH}/Podfile.lock\" \"${PODS_ROOT}/Manifest.lock\" > /dev/null\nif [ $? != 0 ] ; then\n    # print error to STDERR\n    echo \"error: The sandbox is not in sync with the Podfile.lock. Run 'pod install' or update your CocoaPods installation.\" >&2\n    exit 1\nfi\n# This output is used by Xcode 'outputs' to avoid re-running this script phase.\necho \"SUCCESS\" > \"${SCRIPT_OUTPUT_FILE_0}\"\n";
			showEnvVarsInLog = 0;
		};
		A94BE81934EE268559F008D5 /* [CP] Copy Pods Resources */ = {
			isa = PBXShellScriptBuildPhase;
			buildActionMask = 2147483647;
			files = (
			);
			inputPaths = (
			);
			name = "[CP] Copy Pods Resources";
			outputPaths = (
			);
			runOnlyForDeploymentPostprocessing = 0;
			shellPath = /bin/sh;
			shellScript = "\"${SRCROOT}/../Pods/Target Support Files/Pods-QNBasePublicClass/Pods-QNBasePublicClass-resources.sh\"\n";
			showEnvVarsInLog = 0;
		};
/* End PBXShellScriptBuildPhase section */

/* Begin PBXSourcesBuildPhase section */
		BAD0F3C2207DB0F800C7EB48 /* Sources */ = {
			isa = PBXSourcesBuildPhase;
			buildActionMask = 2147483647;
			files = (
				F4F4F4F6215C053C0070F256 /* UpdateUrlTableViewController.m in Sources */,
				F4F4F504215C053C0070F256 /* MenuViewController.m in Sources */,
				F4F4F506215C053C0070F256 /* TableBaseVC.m in Sources */,
				F4F4F50C215C053C0070F256 /* VersionBaseClass.m in Sources */,
				F4F4F50A215C053C0070F256 /* CalculateSize.m in Sources */,
				F4F4F511215C053C0070F256 /* FEBaseTools.m in Sources */,
				F4F4F4FD215C053C0070F256 /* BaseViewController.m in Sources */,
				F4F4F512215C053C0070F256 /* QFBaseGroup.m in Sources */,
				F4F4F4F9215C053C0070F256 /* Base_URLClass.m in Sources */,
				F4F4F503215C053C0070F256 /* BaseNavigationViewController.m in Sources */,
				F4F4F4FC215C053C0070F256 /* BaseTabbarViewController.m in Sources */,
				F4F4F50F215C053C0070F256 /* CoreDataPublicManager.m in Sources */,
				F4F4F509215C053C0070F256 /* VersionClass.m in Sources */,
				BA75498B207DB7FF00768460 /* TableBaseVC.m in Sources */,
				F4F4F4FE215C053C0070F256 /* BaseNavigationBar.m in Sources */,
				F4F4F4F7215C053C0070F256 /* AssistiveTouch.m in Sources */,
			);
			runOnlyForDeploymentPostprocessing = 0;
		};
		BAD0F3CC207DB0F800C7EB48 /* Sources */ = {
			isa = PBXSourcesBuildPhase;
			buildActionMask = 2147483647;
			files = (
				BAD0F3D6207DB0F800C7EB48 /* QNBasePublicClassTests.m in Sources */,
			);
			runOnlyForDeploymentPostprocessing = 0;
		};
/* End PBXSourcesBuildPhase section */

/* Begin PBXTargetDependency section */
		BAD0F3D3207DB0F800C7EB48 /* PBXTargetDependency */ = {
			isa = PBXTargetDependency;
			target = BAD0F3C6207DB0F800C7EB48 /* QNBasePublicClass */;
			targetProxy = BAD0F3D2207DB0F800C7EB48 /* PBXContainerItemProxy */;
		};
/* End PBXTargetDependency section */

/* Begin XCBuildConfiguration section */
		BAD0F3D9207DB0F800C7EB48 /* Debug */ = {
			isa = XCBuildConfiguration;
			buildSettings = {
				ALWAYS_SEARCH_USER_PATHS = NO;
				CLANG_ANALYZER_NONNULL = YES;
				CLANG_ANALYZER_NUMBER_OBJECT_CONVERSION = YES_AGGRESSIVE;
				CLANG_CXX_LANGUAGE_STANDARD = "gnu++14";
				CLANG_CXX_LIBRARY = "libc++";
				CLANG_ENABLE_MODULES = YES;
				CLANG_ENABLE_OBJC_ARC = YES;
				CLANG_WARN_BLOCK_CAPTURE_AUTORELEASING = YES;
				CLANG_WARN_BOOL_CONVERSION = YES;
				CLANG_WARN_COMMA = YES;
				CLANG_WARN_CONSTANT_CONVERSION = YES;
				CLANG_WARN_DEPRECATED_OBJC_IMPLEMENTATIONS = YES;
				CLANG_WARN_DIRECT_OBJC_ISA_USAGE = YES_ERROR;
				CLANG_WARN_DOCUMENTATION_COMMENTS = YES;
				CLANG_WARN_EMPTY_BODY = YES;
				CLANG_WARN_ENUM_CONVERSION = YES;
				CLANG_WARN_INFINITE_RECURSION = YES;
				CLANG_WARN_INT_CONVERSION = YES;
				CLANG_WARN_NON_LITERAL_NULL_CONVERSION = YES;
				CLANG_WARN_OBJC_IMPLICIT_RETAIN_SELF = YES;
				CLANG_WARN_OBJC_LITERAL_CONVERSION = YES;
				CLANG_WARN_OBJC_ROOT_CLASS = YES_ERROR;
				CLANG_WARN_RANGE_LOOP_ANALYSIS = YES;
				CLANG_WARN_STRICT_PROTOTYPES = YES;
				CLANG_WARN_SUSPICIOUS_MOVE = YES;
				CLANG_WARN_UNGUARDED_AVAILABILITY = YES_AGGRESSIVE;
				CLANG_WARN_UNREACHABLE_CODE = YES;
				CLANG_WARN__DUPLICATE_METHOD_MATCH = YES;
				CODE_SIGN_IDENTITY = "iPhone Developer";
				COPY_PHASE_STRIP = NO;
				CURRENT_PROJECT_VERSION = 1;
				DEBUG_INFORMATION_FORMAT = dwarf;
				ENABLE_STRICT_OBJC_MSGSEND = YES;
				ENABLE_TESTABILITY = YES;
				GCC_C_LANGUAGE_STANDARD = gnu11;
				GCC_DYNAMIC_NO_PIC = NO;
				GCC_NO_COMMON_BLOCKS = YES;
				GCC_OPTIMIZATION_LEVEL = 0;
				GCC_PREPROCESSOR_DEFINITIONS = (
					"DEBUG=1",
					"$(inherited)",
				);
				GCC_WARN_64_TO_32_BIT_CONVERSION = YES;
				GCC_WARN_ABOUT_RETURN_TYPE = YES_ERROR;
				GCC_WARN_UNDECLARED_SELECTOR = YES;
				GCC_WARN_UNINITIALIZED_AUTOS = YES_AGGRESSIVE;
				GCC_WARN_UNUSED_FUNCTION = YES;
				GCC_WARN_UNUSED_VARIABLE = YES;
				IPHONEOS_DEPLOYMENT_TARGET = 8.0;
				MTL_ENABLE_DEBUG_INFO = YES;
				ONLY_ACTIVE_ARCH = YES;
				SDKROOT = iphoneos;
				VERSIONING_SYSTEM = "apple-generic";
				VERSION_INFO_PREFIX = "";
			};
			name = Debug;
		};
		BAD0F3DA207DB0F800C7EB48 /* Release */ = {
			isa = XCBuildConfiguration;
			buildSettings = {
				ALWAYS_SEARCH_USER_PATHS = NO;
				CLANG_ANALYZER_NONNULL = YES;
				CLANG_ANALYZER_NUMBER_OBJECT_CONVERSION = YES_AGGRESSIVE;
				CLANG_CXX_LANGUAGE_STANDARD = "gnu++14";
				CLANG_CXX_LIBRARY = "libc++";
				CLANG_ENABLE_MODULES = YES;
				CLANG_ENABLE_OBJC_ARC = YES;
				CLANG_WARN_BLOCK_CAPTURE_AUTORELEASING = YES;
				CLANG_WARN_BOOL_CONVERSION = YES;
				CLANG_WARN_COMMA = YES;
				CLANG_WARN_CONSTANT_CONVERSION = YES;
				CLANG_WARN_DEPRECATED_OBJC_IMPLEMENTATIONS = YES;
				CLANG_WARN_DIRECT_OBJC_ISA_USAGE = YES_ERROR;
				CLANG_WARN_DOCUMENTATION_COMMENTS = YES;
				CLANG_WARN_EMPTY_BODY = YES;
				CLANG_WARN_ENUM_CONVERSION = YES;
				CLANG_WARN_INFINITE_RECURSION = YES;
				CLANG_WARN_INT_CONVERSION = YES;
				CLANG_WARN_NON_LITERAL_NULL_CONVERSION = YES;
				CLANG_WARN_OBJC_IMPLICIT_RETAIN_SELF = YES;
				CLANG_WARN_OBJC_LITERAL_CONVERSION = YES;
				CLANG_WARN_OBJC_ROOT_CLASS = YES_ERROR;
				CLANG_WARN_RANGE_LOOP_ANALYSIS = YES;
				CLANG_WARN_STRICT_PROTOTYPES = YES;
				CLANG_WARN_SUSPICIOUS_MOVE = YES;
				CLANG_WARN_UNGUARDED_AVAILABILITY = YES_AGGRESSIVE;
				CLANG_WARN_UNREACHABLE_CODE = YES;
				CLANG_WARN__DUPLICATE_METHOD_MATCH = YES;
				CODE_SIGN_IDENTITY = "iPhone Developer";
				COPY_PHASE_STRIP = NO;
				CURRENT_PROJECT_VERSION = 1;
				DEBUG_INFORMATION_FORMAT = "dwarf-with-dsym";
				ENABLE_NS_ASSERTIONS = NO;
				ENABLE_STRICT_OBJC_MSGSEND = YES;
				GCC_C_LANGUAGE_STANDARD = gnu11;
				GCC_NO_COMMON_BLOCKS = YES;
				GCC_WARN_64_TO_32_BIT_CONVERSION = YES;
				GCC_WARN_ABOUT_RETURN_TYPE = YES_ERROR;
				GCC_WARN_UNDECLARED_SELECTOR = YES;
				GCC_WARN_UNINITIALIZED_AUTOS = YES_AGGRESSIVE;
				GCC_WARN_UNUSED_FUNCTION = YES;
				GCC_WARN_UNUSED_VARIABLE = YES;
				IPHONEOS_DEPLOYMENT_TARGET = 8.0;
				MTL_ENABLE_DEBUG_INFO = NO;
				SDKROOT = iphoneos;
				VALIDATE_PRODUCT = YES;
				VERSIONING_SYSTEM = "apple-generic";
				VERSION_INFO_PREFIX = "";
			};
			name = Release;
		};
		BAD0F3DC207DB0F800C7EB48 /* Debug */ = {
			isa = XCBuildConfiguration;
			baseConfigurationReference = F67DF5B76FFE26A567B4E532 /* Pods-QNBasePublicClass.debug.xcconfig */;
			buildSettings = {
				CODE_SIGN_IDENTITY = "";
				CODE_SIGN_STYLE = Automatic;
				DEFINES_MODULE = YES;
				DEVELOPMENT_TEAM = PUB5T7Z6P6;
				DYLIB_COMPATIBILITY_VERSION = 1;
				DYLIB_CURRENT_VERSION = 1;
				DYLIB_INSTALL_NAME_BASE = "@rpath";
				INFOPLIST_FILE = QNBasePublicClass/Info.plist;
				INSTALL_PATH = "$(LOCAL_LIBRARY_DIR)/Frameworks";
				LD_RUNPATH_SEARCH_PATHS = "$(inherited) @executable_path/Frameworks @loader_path/Frameworks";
				PRODUCT_BUNDLE_IDENTIFIER = "github.com-Jack-Feng.QNBasePublicClass";
				PRODUCT_NAME = "$(TARGET_NAME:c99extidentifier)";
				SKIP_INSTALL = YES;
				TARGETED_DEVICE_FAMILY = "1,2";
			};
			name = Debug;
		};
		BAD0F3DD207DB0F800C7EB48 /* Release */ = {
			isa = XCBuildConfiguration;
			baseConfigurationReference = 56169A05E2391D04873F2687 /* Pods-QNBasePublicClass.release.xcconfig */;
			buildSettings = {
				CODE_SIGN_IDENTITY = "";
				CODE_SIGN_STYLE = Automatic;
				DEFINES_MODULE = YES;
				DEVELOPMENT_TEAM = PUB5T7Z6P6;
				DYLIB_COMPATIBILITY_VERSION = 1;
				DYLIB_CURRENT_VERSION = 1;
				DYLIB_INSTALL_NAME_BASE = "@rpath";
				INFOPLIST_FILE = QNBasePublicClass/Info.plist;
				INSTALL_PATH = "$(LOCAL_LIBRARY_DIR)/Frameworks";
				LD_RUNPATH_SEARCH_PATHS = "$(inherited) @executable_path/Frameworks @loader_path/Frameworks";
				PRODUCT_BUNDLE_IDENTIFIER = "github.com-Jack-Feng.QNBasePublicClass";
				PRODUCT_NAME = "$(TARGET_NAME:c99extidentifier)";
				SKIP_INSTALL = YES;
				TARGETED_DEVICE_FAMILY = "1,2";
			};
			name = Release;
		};
		BAD0F3DF207DB0F800C7EB48 /* Debug */ = {
			isa = XCBuildConfiguration;
			buildSettings = {
				CODE_SIGN_STYLE = Automatic;
				DEVELOPMENT_TEAM = PUB5T7Z6P6;
				INFOPLIST_FILE = QNBasePublicClassTests/Info.plist;
				LD_RUNPATH_SEARCH_PATHS = "$(inherited) @executable_path/Frameworks @loader_path/Frameworks";
				PRODUCT_BUNDLE_IDENTIFIER = "github.com-Jack-Feng.QNBasePublicClassTests";
				PRODUCT_NAME = "$(TARGET_NAME)";
				TARGETED_DEVICE_FAMILY = "1,2";
			};
			name = Debug;
		};
		BAD0F3E0207DB0F800C7EB48 /* Release */ = {
			isa = XCBuildConfiguration;
			buildSettings = {
				CODE_SIGN_STYLE = Automatic;
				DEVELOPMENT_TEAM = PUB5T7Z6P6;
				INFOPLIST_FILE = QNBasePublicClassTests/Info.plist;
				LD_RUNPATH_SEARCH_PATHS = "$(inherited) @executable_path/Frameworks @loader_path/Frameworks";
				PRODUCT_BUNDLE_IDENTIFIER = "github.com-Jack-Feng.QNBasePublicClassTests";
				PRODUCT_NAME = "$(TARGET_NAME)";
				TARGETED_DEVICE_FAMILY = "1,2";
			};
			name = Release;
		};
/* End XCBuildConfiguration section */

/* Begin XCConfigurationList section */
		BAD0F3C1207DB0F800C7EB48 /* Build configuration list for PBXProject "QNBasePublicClass" */ = {
			isa = XCConfigurationList;
			buildConfigurations = (
				BAD0F3D9207DB0F800C7EB48 /* Debug */,
				BAD0F3DA207DB0F800C7EB48 /* Release */,
			);
			defaultConfigurationIsVisible = 0;
			defaultConfigurationName = Release;
		};
		BAD0F3DB207DB0F800C7EB48 /* Build configuration list for PBXNativeTarget "QNBasePublicClass" */ = {
			isa = XCConfigurationList;
			buildConfigurations = (
				BAD0F3DC207DB0F800C7EB48 /* Debug */,
				BAD0F3DD207DB0F800C7EB48 /* Release */,
			);
			defaultConfigurationIsVisible = 0;
			defaultConfigurationName = Release;
		};
		BAD0F3DE207DB0F800C7EB48 /* Build configuration list for PBXNativeTarget "QNBasePublicClassTests" */ = {
			isa = XCConfigurationList;
			buildConfigurations = (
				BAD0F3DF207DB0F800C7EB48 /* Debug */,
				BAD0F3E0207DB0F800C7EB48 /* Release */,
			);
			defaultConfigurationIsVisible = 0;
			defaultConfigurationName = Release;
		};
/* End XCConfigurationList section */
	};
	rootObject = BAD0F3BE207DB0F800C7EB48 /* Project object */;
}
