// !$*UTF8*$!
{
	archiveVersion = 1;
	classes = {
	};
	objectVersion = 46;
	objects = {

/* Begin PBXBuildFile section */
		9FF152BE928B1AB285075265 /* Pods_k_LineProject.framework in Frameworks */ = {isa = PBXBuildFile; fileRef = 2EA5E26F67CAC6D17CEAECA5 /* Pods_k_LineProject.framework */; };
		BA754981207DB20800768460 /* QNBasePublicClass.framework in Frameworks */ = {isa = PBXBuildFile; fileRef = BA754982207DB20800768460 /* QNBasePublicClass.framework */; };
		F43E04B01F177C55007ED720 /* main.m in Sources */ = {isa = PBXBuildFile; fileRef = F43E04AF1F177C55007ED720 /* main.m */; };
		F43E04B31F177C55007ED720 /* AppDelegate.m in Sources */ = {isa = PBXBuildFile; fileRef = F43E04B21F177C55007ED720 /* AppDelegate.m */; };
		F43E04B61F177C55007ED720 /* ViewController.m in Sources */ = {isa = PBXBuildFile; fileRef = F43E04B51F177C55007ED720 /* ViewController.m */; };
		F43E04B91F177C55007ED720 /* Main.storyboard in Resources */ = {isa = PBXBuildFile; fileRef = F43E04B71F177C55007ED720 /* Main.storyboard */; };
		F43E04BB1F177C55007ED720 /* Assets.xcassets in Resources */ = {isa = PBXBuildFile; fileRef = F43E04BA1F177C55007ED720 /* Assets.xcassets */; };
		F43E04BE1F177C55007ED720 /* LaunchScreen.storyboard in Resources */ = {isa = PBXBuildFile; fileRef = F43E04BC1F177C55007ED720 /* LaunchScreen.storyboard */; };
		F43E04C91F177C55007ED720 /* k_LineProjectTests.m in Sources */ = {isa = PBXBuildFile; fileRef = F43E04C81F177C55007ED720 /* k_LineProjectTests.m */; };
		F43E04D41F177C55007ED720 /* k_LineProjectUITests.m in Sources */ = {isa = PBXBuildFile; fileRef = F43E04D31F177C55007ED720 /* k_LineProjectUITests.m */; };
/* End PBXBuildFile section */

/* Begin PBXContainerItemProxy section */
		F43E04C51F177C55007ED720 /* PBXContainerItemProxy */ = {
			isa = PBXContainerItemProxy;
			containerPortal = F43E04A31F177C55007ED720 /* Project object */;
			proxyType = 1;
			remoteGlobalIDString = F43E04AA1F177C55007ED720;
			remoteInfo = "k-LineProject";
		};
		F43E04D01F177C55007ED720 /* PBXContainerItemProxy */ = {
			isa = PBXContainerItemProxy;
			containerPortal = F43E04A31F177C55007ED720 /* Project object */;
			proxyType = 1;
			remoteGlobalIDString = F43E04AA1F177C55007ED720;
			remoteInfo = "k-LineProject";
		};
/* End PBXContainerItemProxy section */

/* Begin PBXFileReference section */
		2EA5E26F67CAC6D17CEAECA5 /* Pods_k_LineProject.framework */ = {isa = PBXFileReference; explicitFileType = wrapper.framework; includeInIndex = 0; path = Pods_k_LineProject.framework; sourceTree = BUILT_PRODUCTS_DIR; };
		BA754982207DB20800768460 /* QNBasePublicClass.framework */ = {isa = PBXFileReference; explicitFileType = wrapper.framework; path = QNBasePublicClass.framework; sourceTree = BUILT_PRODUCTS_DIR; };
		DFA4D5A7313AC7F677924D6C /* Pods-k-LineProject.release.xcconfig */ = {isa = PBXFileReference; includeInIndex = 1; lastKnownFileType = text.xcconfig; name = "Pods-k-LineProject.release.xcconfig"; path = "../Pods/Target Support Files/Pods-k-LineProject/Pods-k-LineProject.release.xcconfig"; sourceTree = "<group>"; };
		F43E04AB1F177C55007ED720 /* k-LineProject.app */ = {isa = PBXFileReference; explicitFileType = wrapper.application; includeInIndex = 0; path = "k-LineProject.app"; sourceTree = BUILT_PRODUCTS_DIR; };
		F43E04AF1F177C55007ED720 /* main.m */ = {isa = PBXFileReference; lastKnownFileType = sourcecode.c.objc; path = main.m; sourceTree = "<group>"; };
		F43E04B11F177C55007ED720 /* AppDelegate.h */ = {isa = PBXFileReference; lastKnownFileType = sourcecode.c.h; path = AppDelegate.h; sourceTree = "<group>"; };
		F43E04B21F177C55007ED720 /* AppDelegate.m */ = {isa = PBXFileReference; lastKnownFileType = sourcecode.c.objc; path = AppDelegate.m; sourceTree = "<group>"; };
		F43E04B41F177C55007ED720 /* ViewController.h */ = {isa = PBXFileReference; lastKnownFileType = sourcecode.c.h; path = ViewController.h; sourceTree = "<group>"; };
		F43E04B51F177C55007ED720 /* ViewController.m */ = {isa = PBXFileReference; lastKnownFileType = sourcecode.c.objc; path = ViewController.m; sourceTree = "<group>"; };
		F43E04B81F177C55007ED720 /* Base */ = {isa = PBXFileReference; lastKnownFileType = file.storyboard; name = Base; path = Base.lproj/Main.storyboard; sourceTree = "<group>"; };
		F43E04BA1F177C55007ED720 /* Assets.xcassets */ = {isa = PBXFileReference; lastKnownFileType = folder.assetcatalog; path = Assets.xcassets; sourceTree = "<group>"; };
		F43E04BD1F177C55007ED720 /* Base */ = {isa = PBXFileReference; lastKnownFileType = file.storyboard; name = Base; path = Base.lproj/LaunchScreen.storyboard; sourceTree = "<group>"; };
		F43E04BF1F177C55007ED720 /* Info.plist */ = {isa = PBXFileReference; lastKnownFileType = text.plist.xml; path = Info.plist; sourceTree = "<group>"; };
		F43E04C41F177C55007ED720 /* k-LineProjectTests.xctest */ = {isa = PBXFileReference; explicitFileType = wrapper.cfbundle; includeInIndex = 0; path = "k-LineProjectTests.xctest"; sourceTree = BUILT_PRODUCTS_DIR; };
		F43E04C81F177C55007ED720 /* k_LineProjectTests.m */ = {isa = PBXFileReference; lastKnownFileType = sourcecode.c.objc; path = k_LineProjectTests.m; sourceTree = "<group>"; };
		F43E04CA1F177C55007ED720 /* Info.plist */ = {isa = PBXFileReference; lastKnownFileType = text.plist.xml; path = Info.plist; sourceTree = "<group>"; };
		F43E04CF1F177C55007ED720 /* k-LineProjectUITests.xctest */ = {isa = PBXFileReference; explicitFileType = wrapper.cfbundle; includeInIndex = 0; path = "k-LineProjectUITests.xctest"; sourceTree = BUILT_PRODUCTS_DIR; };
		F43E04D31F177C55007ED720 /* k_LineProjectUITests.m */ = {isa = PBXFileReference; lastKnownFileType = sourcecode.c.objc; path = k_LineProjectUITests.m; sourceTree = "<group>"; };
		F43E04D51F177C55007ED720 /* Info.plist */ = {isa = PBXFileReference; lastKnownFileType = text.plist.xml; path = Info.plist; sourceTree = "<group>"; };
		F7E783A2CD1D9ABDAC0648A8 /* Pods-k-LineProject.debug.xcconfig */ = {isa = PBXFileReference; includeInIndex = 1; lastKnownFileType = text.xcconfig; name = "Pods-k-LineProject.debug.xcconfig"; path = "../Pods/Target Support Files/Pods-k-LineProject/Pods-k-LineProject.debug.xcconfig"; sourceTree = "<group>"; };
/* End PBXFileReference section */

/* Begin PBXFrameworksBuildPhase section */
		F43E04A81F177C55007ED720 /* Frameworks */ = {
			isa = PBXFrameworksBuildPhase;
			buildActionMask = 2147483647;
			files = (
				BA754981207DB20800768460 /* QNBasePublicClass.framework in Frameworks */,
				9FF152BE928B1AB285075265 /* Pods_k_LineProject.framework in Frameworks */,
			);
			runOnlyForDeploymentPostprocessing = 0;
		};
		F43E04C11F177C55007ED720 /* Frameworks */ = {
			isa = PBXFrameworksBuildPhase;
			buildActionMask = 2147483647;
			files = (
			);
			runOnlyForDeploymentPostprocessing = 0;
		};
		F43E04CC1F177C55007ED720 /* Frameworks */ = {
			isa = PBXFrameworksBuildPhase;
			buildActionMask = 2147483647;
			files = (
			);
			runOnlyForDeploymentPostprocessing = 0;
		};
/* End PBXFrameworksBuildPhase section */

/* Begin PBXGroup section */
		3AF9C721907DFD1D229881BC /* Frameworks */ = {
			isa = PBXGroup;
			children = (
				BA754982207DB20800768460 /* QNBasePublicClass.framework */,
				2EA5E26F67CAC6D17CEAECA5 /* Pods_k_LineProject.framework */,
			);
			name = Frameworks;
			sourceTree = "<group>";
		};
		A91BF1D5F40936F27D895044 /* Pods */ = {
			isa = PBXGroup;
			children = (
				F7E783A2CD1D9ABDAC0648A8 /* Pods-k-LineProject.debug.xcconfig */,
				DFA4D5A7313AC7F677924D6C /* Pods-k-LineProject.release.xcconfig */,
			);
			name = Pods;
			sourceTree = "<group>";
		};
		F43E04A21F177C55007ED720 = {
			isa = PBXGroup;
			children = (
				F43E04AD1F177C55007ED720 /* k-LineProject */,
				F43E04C71F177C55007ED720 /* k-LineProjectTests */,
				F43E04D21F177C55007ED720 /* k-LineProjectUITests */,
				F43E04AC1F177C55007ED720 /* Products */,
				A91BF1D5F40936F27D895044 /* Pods */,
				3AF9C721907DFD1D229881BC /* Frameworks */,
			);
			sourceTree = "<group>";
		};
		F43E04AC1F177C55007ED720 /* Products */ = {
			isa = PBXGroup;
			children = (
				F43E04AB1F177C55007ED720 /* k-LineProject.app */,
				F43E04C41F177C55007ED720 /* k-LineProjectTests.xctest */,
				F43E04CF1F177C55007ED720 /* k-LineProjectUITests.xctest */,
			);
			name = Products;
			sourceTree = "<group>";
		};
		F43E04AD1F177C55007ED720 /* k-LineProject */ = {
			isa = PBXGroup;
			children = (
				F43E04B11F177C55007ED720 /* AppDelegate.h */,
				F43E04B21F177C55007ED720 /* AppDelegate.m */,
				F43E04B41F177C55007ED720 /* ViewController.h */,
				F43E04B51F177C55007ED720 /* ViewController.m */,
				F43E04B71F177C55007ED720 /* Main.storyboard */,
				F43E04BA1F177C55007ED720 /* Assets.xcassets */,
				F43E04BC1F177C55007ED720 /* LaunchScreen.storyboard */,
				F43E04BF1F177C55007ED720 /* Info.plist */,
				F43E04AE1F177C55007ED720 /* Supporting Files */,
			);
			path = "k-LineProject";
			sourceTree = "<group>";
		};
		F43E04AE1F177C55007ED720 /* Supporting Files */ = {
			isa = PBXGroup;
			children = (
				F43E04AF1F177C55007ED720 /* main.m */,
			);
			name = "Supporting Files";
			sourceTree = "<group>";
		};
		F43E04C71F177C55007ED720 /* k-LineProjectTests */ = {
			isa = PBXGroup;
			children = (
				F43E04C81F177C55007ED720 /* k_LineProjectTests.m */,
				F43E04CA1F177C55007ED720 /* Info.plist */,
			);
			path = "k-LineProjectTests";
			sourceTree = "<group>";
		};
		F43E04D21F177C55007ED720 /* k-LineProjectUITests */ = {
			isa = PBXGroup;
			children = (
				F43E04D31F177C55007ED720 /* k_LineProjectUITests.m */,
				F43E04D51F177C55007ED720 /* Info.plist */,
			);
			path = "k-LineProjectUITests";
			sourceTree = "<group>";
		};
/* End PBXGroup section */

/* Begin PBXNativeTarget section */
		F43E04AA1F177C55007ED720 /* k-LineProject */ = {
			isa = PBXNativeTarget;
			buildConfigurationList = F43E04D81F177C55007ED720 /* Build configuration list for PBXNativeTarget "k-LineProject" */;
			buildPhases = (
				F2CF7C247A1F6B2E525690AD /* [CP] Check Pods Manifest.lock */,
				F43E04A71F177C55007ED720 /* Sources */,
				F43E04A81F177C55007ED720 /* Frameworks */,
				F43E04A91F177C55007ED720 /* Resources */,
				168D90FD1273BC6C9FA3FE9A /* [CP] Embed Pods Frameworks */,
			);
			buildRules = (
			);
			dependencies = (
			);
			name = "k-LineProject";
			productName = "k-LineProject";
			productReference = F43E04AB1F177C55007ED720 /* k-LineProject.app */;
			productType = "com.apple.product-type.application";
		};
		F43E04C31F177C55007ED720 /* k-LineProjectTests */ = {
			isa = PBXNativeTarget;
			buildConfigurationList = F43E04DB1F177C55007ED720 /* Build configuration list for PBXNativeTarget "k-LineProjectTests" */;
			buildPhases = (
				F43E04C01F177C55007ED720 /* Sources */,
				F43E04C11F177C55007ED720 /* Frameworks */,
				F43E04C21F177C55007ED720 /* Resources */,
			);
			buildRules = (
			);
			dependencies = (
				F43E04C61F177C55007ED720 /* PBXTargetDependency */,
			);
			name = "k-LineProjectTests";
			productName = "k-LineProjectTests";
			productReference = F43E04C41F177C55007ED720 /* k-LineProjectTests.xctest */;
			productType = "com.apple.product-type.bundle.unit-test";
		};
		F43E04CE1F177C55007ED720 /* k-LineProjectUITests */ = {
			isa = PBXNativeTarget;
			buildConfigurationList = F43E04DE1F177C55007ED720 /* Build configuration list for PBXNativeTarget "k-LineProjectUITests" */;
			buildPhases = (
				F43E04CB1F177C55007ED720 /* Sources */,
				F43E04CC1F177C55007ED720 /* Frameworks */,
				F43E04CD1F177C55007ED720 /* Resources */,
			);
			buildRules = (
			);
			dependencies = (
				F43E04D11F177C55007ED720 /* PBXTargetDependency */,
			);
			name = "k-LineProjectUITests";
			productName = "k-LineProjectUITests";
			productReference = F43E04CF1F177C55007ED720 /* k-LineProjectUITests.xctest */;
			productType = "com.apple.product-type.bundle.ui-testing";
		};
/* End PBXNativeTarget section */

/* Begin PBXProject section */
		F43E04A31F177C55007ED720 /* Project object */ = {
			isa = PBXProject;
			attributes = {
				LastUpgradeCheck = 1110;
				ORGANIZATIONNAME = Qo_Tn;
				TargetAttributes = {
					F43E04AA1F177C55007ED720 = {
						CreatedOnToolsVersion = 8.3.3;
						DevelopmentTeam = 43588WFG92;
						ProvisioningStyle = Automatic;
					};
					F43E04C31F177C55007ED720 = {
						CreatedOnToolsVersion = 8.3.3;
						DevelopmentTeam = ZW57ANKPMQ;
						ProvisioningStyle = Automatic;
						TestTargetID = F43E04AA1F177C55007ED720;
					};
					F43E04CE1F177C55007ED720 = {
						CreatedOnToolsVersion = 8.3.3;
						DevelopmentTeam = ZW57ANKPMQ;
						ProvisioningStyle = Automatic;
						TestTargetID = F43E04AA1F177C55007ED720;
					};
				};
			};
			buildConfigurationList = F43E04A61F177C55007ED720 /* Build configuration list for PBXProject "k-LineProject" */;
			compatibilityVersion = "Xcode 3.2";
			developmentRegion = en;
			hasScannedForEncodings = 0;
			knownRegions = (
				en,
				Base,
			);
			mainGroup = F43E04A21F177C55007ED720;
			productRefGroup = F43E04AC1F177C55007ED720 /* Products */;
			projectDirPath = "";
			projectRoot = "";
			targets = (
				F43E04AA1F177C55007ED720 /* k-LineProject */,
				F43E04C31F177C55007ED720 /* k-LineProjectTests */,
				F43E04CE1F177C55007ED720 /* k-LineProjectUITests */,
			);
		};
/* End PBXProject section */

/* Begin PBXResourcesBuildPhase section */
		F43E04A91F177C55007ED720 /* Resources */ = {
			isa = PBXResourcesBuildPhase;
			buildActionMask = 2147483647;
			files = (
				F43E04BE1F177C55007ED720 /* LaunchScreen.storyboard in Resources */,
				F43E04BB1F177C55007ED720 /* Assets.xcassets in Resources */,
				F43E04B91F177C55007ED720 /* Main.storyboard in Resources */,
			);
			runOnlyForDeploymentPostprocessing = 0;
		};
		F43E04C21F177C55007ED720 /* Resources */ = {
			isa = PBXResourcesBuildPhase;
			buildActionMask = 2147483647;
			files = (
			);
			runOnlyForDeploymentPostprocessing = 0;
		};
		F43E04CD1F177C55007ED720 /* Resources */ = {
			isa = PBXResourcesBuildPhase;
			buildActionMask = 2147483647;
			files = (
			);
			runOnlyForDeploymentPostprocessing = 0;
		};
/* End PBXResourcesBuildPhase section */

/* Begin PBXShellScriptBuildPhase section */
		168D90FD1273BC6C9FA3FE9A /* [CP] Embed Pods Frameworks */ = {
			isa = PBXShellScriptBuildPhase;
			buildActionMask = 2147483647;
			files = (
			);
			inputPaths = (
				"${PODS_ROOT}/Target Support Files/Pods-k-LineProject/Pods-k-LineProject-frameworks.sh",
				"${BUILT_PRODUCTS_DIR}/AFNetworking/AFNetworking.framework",
				"${BUILT_PRODUCTS_DIR}/FMDB/FMDB.framework",
			);
			name = "[CP] Embed Pods Frameworks";
			outputPaths = (
				"${TARGET_BUILD_DIR}/${FRAMEWORKS_FOLDER_PATH}/AFNetworking.framework",
				"${TARGET_BUILD_DIR}/${FRAMEWORKS_FOLDER_PATH}/FMDB.framework",
			);
			runOnlyForDeploymentPostprocessing = 0;
			shellPath = /bin/sh;
			shellScript = "\"${PODS_ROOT}/Target Support Files/Pods-k-LineProject/Pods-k-LineProject-frameworks.sh\"\n";
			showEnvVarsInLog = 0;
		};
		F2CF7C247A1F6B2E525690AD /* [CP] Check Pods Manifest.lock */ = {
			isa = PBXShellScriptBuildPhase;
			buildActionMask = 2147483647;
			files = (
			);
			inputPaths = (
				"${PODS_PODFILE_DIR_PATH}/Podfile.lock",
				"${PODS_ROOT}/Manifest.lock",
			);
			name = "[CP] Check Pods Manifest.lock";
			outputPaths = (
				"$(DERIVED_FILE_DIR)/Pods-k-LineProject-checkManifestLockResult.txt",
			);
			runOnlyForDeploymentPostprocessing = 0;
			shellPath = /bin/sh;
			shellScript = "diff \"${PODS_PODFILE_DIR_PATH}/Podfile.lock\" \"${PODS_ROOT}/Manifest.lock\" > /dev/null\nif [ $? != 0 ] ; then\n    # print error to STDERR\n    echo \"error: The sandbox is not in sync with the Podfile.lock. Run 'pod install' or update your CocoaPods installation.\" >&2\n    exit 1\nfi\n# This output is used by Xcode 'outputs' to avoid re-running this script phase.\necho \"SUCCESS\" > \"${SCRIPT_OUTPUT_FILE_0}\"\n";
			showEnvVarsInLog = 0;
		};
/* End PBXShellScriptBuildPhase section */

/* Begin PBXSourcesBuildPhase section */
		F43E04A71F177C55007ED720 /* Sources */ = {
			isa = PBXSourcesBuildPhase;
			buildActionMask = 2147483647;
			files = (
				F43E04B61F177C55007ED720 /* ViewController.m in Sources */,
				F43E04B31F177C55007ED720 /* AppDelegate.m in Sources */,
				F43E04B01F177C55007ED720 /* main.m in Sources */,
			);
			runOnlyForDeploymentPostprocessing = 0;
		};
		F43E04C01F177C55007ED720 /* Sources */ = {
			isa = PBXSourcesBuildPhase;
			buildActionMask = 2147483647;
			files = (
				F43E04C91F177C55007ED720 /* k_LineProjectTests.m in Sources */,
			);
			runOnlyForDeploymentPostprocessing = 0;
		};
		F43E04CB1F177C55007ED720 /* Sources */ = {
			isa = PBXSourcesBuildPhase;
			buildActionMask = 2147483647;
			files = (
				F43E04D41F177C55007ED720 /* k_LineProjectUITests.m in Sources */,
			);
			runOnlyForDeploymentPostprocessing = 0;
		};
/* End PBXSourcesBuildPhase section */

/* Begin PBXTargetDependency section */
		F43E04C61F177C55007ED720 /* PBXTargetDependency */ = {
			isa = PBXTargetDependency;
			target = F43E04AA1F177C55007ED720 /* k-LineProject */;
			targetProxy = F43E04C51F177C55007ED720 /* PBXContainerItemProxy */;
		};
		F43E04D11F177C55007ED720 /* PBXTargetDependency */ = {
			isa = PBXTargetDependency;
			target = F43E04AA1F177C55007ED720 /* k-LineProject */;
			targetProxy = F43E04D01F177C55007ED720 /* PBXContainerItemProxy */;
		};
/* End PBXTargetDependency section */

/* Begin PBXVariantGroup section */
		F43E04B71F177C55007ED720 /* Main.storyboard */ = {
			isa = PBXVariantGroup;
			children = (
				F43E04B81F177C55007ED720 /* Base */,
			);
			name = Main.storyboard;
			sourceTree = "<group>";
		};
		F43E04BC1F177C55007ED720 /* LaunchScreen.storyboard */ = {
			isa = PBXVariantGroup;
			children = (
				F43E04BD1F177C55007ED720 /* Base */,
			);
			name = LaunchScreen.storyboard;
			sourceTree = "<group>";
		};
/* End PBXVariantGroup section */

/* Begin XCBuildConfiguration section */
		F43E04D61F177C55007ED720 /* Debug */ = {
			isa = XCBuildConfiguration;
			buildSettings = {
				ALWAYS_SEARCH_USER_PATHS = NO;
				CLANG_ANALYZER_LOCALIZABILITY_NONLOCALIZED = YES;
				CLANG_ANALYZER_NONNULL = YES;
				CLANG_ANALYZER_NUMBER_OBJECT_CONVERSION = YES_AGGRESSIVE;
				CLANG_CXX_LANGUAGE_STANDARD = "gnu++0x";
				CLANG_CXX_LIBRARY = "libc++";
				CLANG_ENABLE_MODULES = YES;
				CLANG_ENABLE_OBJC_ARC = YES;
				CLANG_WARN_BLOCK_CAPTURE_AUTORELEASING = YES;
				CLANG_WARN_BOOL_CONVERSION = YES;
				CLANG_WARN_COMMA = YES;
				CLANG_WARN_CONSTANT_CONVERSION = YES;
				CLANG_WARN_DEPRECATED_OBJC_IMPLEMENTATIONS = YES;
				CLANG_WARN_DIRECT_OBJC_ISA_USAGE = YES_ERROR;
				CLANG_WARN_DOCUMENTATION_COMMENTS = YES;
				CLANG_WARN_EMPTY_BODY = YES;
				CLANG_WARN_ENUM_CONVERSION = YES;
				CLANG_WARN_INFINITE_RECURSION = YES;
				CLANG_WARN_INT_CONVERSION = YES;
				CLANG_WARN_NON_LITERAL_NULL_CONVERSION = YES;
				CLANG_WARN_OBJC_IMPLICIT_RETAIN_SELF = YES;
				CLANG_WARN_OBJC_LITERAL_CONVERSION = YES;
				CLANG_WARN_OBJC_ROOT_CLASS = YES_ERROR;
				CLANG_WARN_RANGE_LOOP_ANALYSIS = YES;
				CLANG_WARN_STRICT_PROTOTYPES = YES;
				CLANG_WARN_SUSPICIOUS_MOVE = YES;
				CLANG_WARN_UNREACHABLE_CODE = YES;
				CLANG_WARN__DUPLICATE_METHOD_MATCH = YES;
				"CODE_SIGN_IDENTITY[sdk=iphoneos*]" = "iPhone Developer";
				COPY_PHASE_STRIP = NO;
				DEBUG_INFORMATION_FORMAT = dwarf;
				ENABLE_STRICT_OBJC_MSGSEND = YES;
				ENABLE_TESTABILITY = YES;
				GCC_C_LANGUAGE_STANDARD = gnu99;
				GCC_DYNAMIC_NO_PIC = NO;
				GCC_NO_COMMON_BLOCKS = YES;
				GCC_OPTIMIZATION_LEVEL = 0;
				GCC_PREPROCESSOR_DEFINITIONS = (
					"DEBUG=1",
					"$(inherited)",
				);
				GCC_WARN_64_TO_32_BIT_CONVERSION = YES;
				GCC_WARN_ABOUT_RETURN_TYPE = YES_ERROR;
				GCC_WARN_UNDECLARED_SELECTOR = YES;
				GCC_WARN_UNINITIALIZED_AUTOS = YES_AGGRESSIVE;
				GCC_WARN_UNUSED_FUNCTION = YES;
				GCC_WARN_UNUSED_VARIABLE = YES;
				IPHONEOS_DEPLOYMENT_TARGET = 8.0;
				MTL_ENABLE_DEBUG_INFO = YES;
				ONLY_ACTIVE_ARCH = YES;
				SDKROOT = iphoneos;
				TARGETED_DEVICE_FAMILY = "1,2";
			};
			name = Debug;
		};
		F43E04D71F177C55007ED720 /* Release */ = {
			isa = XCBuildConfiguration;
			buildSettings = {
				ALWAYS_SEARCH_USER_PATHS = NO;
				CLANG_ANALYZER_LOCALIZABILITY_NONLOCALIZED = YES;
				CLANG_ANALYZER_NONNULL = YES;
				CLANG_ANALYZER_NUMBER_OBJECT_CONVERSION = YES_AGGRESSIVE;
				CLANG_CXX_LANGUAGE_STANDARD = "gnu++0x";
				CLANG_CXX_LIBRARY = "libc++";
				CLANG_ENABLE_MODULES = YES;
				CLANG_ENABLE_OBJC_ARC = YES;
				CLANG_WARN_BLOCK_CAPTURE_AUTORELEASING = YES;
				CLANG_WARN_BOOL_CONVERSION = YES;
				CLANG_WARN_COMMA = YES;
				CLANG_WARN_CONSTANT_CONVERSION = YES;
				CLANG_WARN_DEPRECATED_OBJC_IMPLEMENTATIONS = YES;
				CLANG_WARN_DIRECT_OBJC_ISA_USAGE = YES_ERROR;
				CLANG_WARN_DOCUMENTATION_COMMENTS = YES;
				CLANG_WARN_EMPTY_BODY = YES;
				CLANG_WARN_ENUM_CONVERSION = YES;
				CLANG_WARN_INFINITE_RECURSION = YES;
				CLANG_WARN_INT_CONVERSION = YES;
				CLANG_WARN_NON_LITERAL_NULL_CONVERSION = YES;
				CLANG_WARN_OBJC_IMPLICIT_RETAIN_SELF = YES;
				CLANG_WARN_OBJC_LITERAL_CONVERSION = YES;
				CLANG_WARN_OBJC_ROOT_CLASS = YES_ERROR;
				CLANG_WARN_RANGE_LOOP_ANALYSIS = YES;
				CLANG_WARN_STRICT_PROTOTYPES = YES;
				CLANG_WARN_SUSPICIOUS_MOVE = YES;
				CLANG_WARN_UNREACHABLE_CODE = YES;
				CLANG_WARN__DUPLICATE_METHOD_MATCH = YES;
				"CODE_SIGN_IDENTITY[sdk=iphoneos*]" = "iPhone Developer";
				COPY_PHASE_STRIP = NO;
				DEBUG_INFORMATION_FORMAT = "dwarf-with-dsym";
				ENABLE_NS_ASSERTIONS = NO;
				ENABLE_STRICT_OBJC_MSGSEND = YES;
				GCC_C_LANGUAGE_STANDARD = gnu99;
				GCC_NO_COMMON_BLOCKS = YES;
				GCC_WARN_64_TO_32_BIT_CONVERSION = YES;
				GCC_WARN_ABOUT_RETURN_TYPE = YES_ERROR;
				GCC_WARN_UNDECLARED_SELECTOR = YES;
				GCC_WARN_UNINITIALIZED_AUTOS = YES_AGGRESSIVE;
				GCC_WARN_UNUSED_FUNCTION = YES;
				GCC_WARN_UNUSED_VARIABLE = YES;
				IPHONEOS_DEPLOYMENT_TARGET = 8.0;
				MTL_ENABLE_DEBUG_INFO = NO;
				SDKROOT = iphoneos;
				TARGETED_DEVICE_FAMILY = "1,2";
				VALIDATE_PRODUCT = YES;
			};
			name = Release;
		};
		F43E04D91F177C55007ED720 /* Debug */ = {
			isa = XCBuildConfiguration;
			baseConfigurationReference = F7E783A2CD1D9ABDAC0648A8 /* Pods-k-LineProject.debug.xcconfig */;
			buildSettings = {
				ASSETCATALOG_COMPILER_APPICON_NAME = AppIcon;
				DEVELOPMENT_TEAM = 43588WFG92;
				INFOPLIST_FILE = "k-LineProject/Info.plist";
				LD_RUNPATH_SEARCH_PATHS = "$(inherited) @executable_path/Frameworks";
				PRODUCT_BUNDLE_IDENTIFIER = "com.sunqifeng.k-LineProject";
				PRODUCT_NAME = "$(TARGET_NAME)";
			};
			name = Debug;
		};
		F43E04DA1F177C55007ED720 /* Release */ = {
			isa = XCBuildConfiguration;
			baseConfigurationReference = DFA4D5A7313AC7F677924D6C /* Pods-k-LineProject.release.xcconfig */;
			buildSettings = {
				ASSETCATALOG_COMPILER_APPICON_NAME = AppIcon;
				DEVELOPMENT_TEAM = 43588WFG92;
				INFOPLIST_FILE = "k-LineProject/Info.plist";
				LD_RUNPATH_SEARCH_PATHS = "$(inherited) @executable_path/Frameworks";
				PRODUCT_BUNDLE_IDENTIFIER = "com.sunqifeng.k-LineProject";
				PRODUCT_NAME = "$(TARGET_NAME)";
			};
			name = Release;
		};
		F43E04DC1F177C55007ED720 /* Debug */ = {
			isa = XCBuildConfiguration;
			buildSettings = {
				BUNDLE_LOADER = "$(TEST_HOST)";
				DEVELOPMENT_TEAM = ZW57ANKPMQ;
				INFOPLIST_FILE = "k-LineProjectTests/Info.plist";
				LD_RUNPATH_SEARCH_PATHS = "$(inherited) @executable_path/Frameworks @loader_path/Frameworks";
				PRODUCT_BUNDLE_IDENTIFIER = "com.sunqifeng.k-LineProjectTests";
				PRODUCT_NAME = "$(TARGET_NAME)";
				TEST_HOST = "$(BUILT_PRODUCTS_DIR)/k-LineProject.app/k-LineProject";
			};
			name = Debug;
		};
		F43E04DD1F177C55007ED720 /* Release */ = {
			isa = XCBuildConfiguration;
			buildSettings = {
				BUNDLE_LOADER = "$(TEST_HOST)";
				DEVELOPMENT_TEAM = ZW57ANKPMQ;
				INFOPLIST_FILE = "k-LineProjectTests/Info.plist";
				LD_RUNPATH_SEARCH_PATHS = "$(inherited) @executable_path/Frameworks @loader_path/Frameworks";
				PRODUCT_BUNDLE_IDENTIFIER = "com.sunqifeng.k-LineProjectTests";
				PRODUCT_NAME = "$(TARGET_NAME)";
				TEST_HOST = "$(BUILT_PRODUCTS_DIR)/k-LineProject.app/k-LineProject";
			};
			name = Release;
		};
		F43E04DF1F177C55007ED720 /* Debug */ = {
			isa = XCBuildConfiguration;
			buildSettings = {
				DEVELOPMENT_TEAM = ZW57ANKPMQ;
				INFOPLIST_FILE = "k-LineProjectUITests/Info.plist";
				LD_RUNPATH_SEARCH_PATHS = "$(inherited) @executable_path/Frameworks @loader_path/Frameworks";
				PRODUCT_BUNDLE_IDENTIFIER = "com.sunqifeng.k-LineProjectUITests";
				PRODUCT_NAME = "$(TARGET_NAME)";
				TEST_TARGET_NAME = "k-LineProject";
			};
			name = Debug;
		};
		F43E04E01F177C55007ED720 /* Release */ = {
			isa = XCBuildConfiguration;
			buildSettings = {
				DEVELOPMENT_TEAM = ZW57ANKPMQ;
				INFOPLIST_FILE = "k-LineProjectUITests/Info.plist";
				LD_RUNPATH_SEARCH_PATHS = "$(inherited) @executable_path/Frameworks @loader_path/Frameworks";
				PRODUCT_BUNDLE_IDENTIFIER = "com.sunqifeng.k-LineProjectUITests";
				PRODUCT_NAME = "$(TARGET_NAME)";
				TEST_TARGET_NAME = "k-LineProject";
			};
			name = Release;
		};
/* End XCBuildConfiguration section */

/* Begin XCConfigurationList section */
		F43E04A61F177C55007ED720 /* Build configuration list for PBXProject "k-LineProject" */ = {
			isa = XCConfigurationList;
			buildConfigurations = (
				F43E04D61F177C55007ED720 /* Debug */,
				F43E04D71F177C55007ED720 /* Release */,
			);
			defaultConfigurationIsVisible = 0;
			defaultConfigurationName = Release;
		};
		F43E04D81F177C55007ED720 /* Build configuration list for PBXNativeTarget "k-LineProject" */ = {
			isa = XCConfigurationList;
			buildConfigurations = (
				F43E04D91F177C55007ED720 /* Debug */,
				F43E04DA1F177C55007ED720 /* Release */,
			);
			defaultConfigurationIsVisible = 0;
			defaultConfigurationName = Release;
		};
		F43E04DB1F177C55007ED720 /* Build configuration list for PBXNativeTarget "k-LineProjectTests" */ = {
			isa = XCConfigurationList;
			buildConfigurations = (
				F43E04DC1F177C55007ED720 /* Debug */,
				F43E04DD1F177C55007ED720 /* Release */,
			);
			defaultConfigurationIsVisible = 0;
			defaultConfigurationName = Release;
		};
		F43E04DE1F177C55007ED720 /* Build configuration list for PBXNativeTarget "k-LineProjectUITests" */ = {
			isa = XCConfigurationList;
			buildConfigurations = (
				F43E04DF1F177C55007ED720 /* Debug */,
				F43E04E01F177C55007ED720 /* Release */,
			);
			defaultConfigurationIsVisible = 0;
			defaultConfigurationName = Release;
		};
/* End XCConfigurationList section */
	};
	rootObject = F43E04A31F177C55007ED720 /* Project object */;
}
